# This file was autogenerated by Stack.
# You should not edit this file by hand.
# For more information, please see the documentation at:
#   https://docs.haskellstack.org/en/stable/lock_files

packages:
- completed:
    hackage: codeworld-api-0.3.1@sha256:8cc06c1b13dd4c6e547b1e57b896c037d38776c6af571cfaeabc44d89b1c713b,2489
    pantry-tree:
      size: 791
      sha256: 3cf8e8f4e8c7a31d704d9e218fb0c0a4f7a4c399801587c5cef06911aaebed95
  original:
    hackage: codeworld-api-0.3.1@sha256:8cc06c1b13dd4c6e547b1e57b896c037d38776c6af571cfaeabc44d89b1c713b,2489
- completed:
    hackage: blank-canvas-0.6.3@sha256:9c089fd7796e07e428f3490b3812c92fec8d3b615b12c80db7f282b5d6eeec95,7669
    pantry-tree:
      size: 5101
      sha256: a38712dafe44d071d27ea14fda89811f0252ac2bc5c55829f0e874de126bce2d
  original:
    hackage: blank-canvas-0.6.3@sha256:9c089fd7796e07e428f3490b3812c92fec8d3b615b12c80db7f282b5d6eeec95,7669
- completed:
    hackage: colour-2.3.4@sha256:9a8a9036652da142fb804571ffca7764addf570661c1b5ecfdef9379875d90ab,1827
    pantry-tree:
      size: 1183
      sha256: 344bb246a2b5335054e242420c4f2dedb597baa70de2bed7d89080c7e7462938
  original:
    hackage: colour-2.3.4@sha256:9a8a9036652da142fb804571ffca7764addf570661c1b5ecfdef9379875d90ab,1827
- completed:
    hackage: kansas-comet-0.4@sha256:31ef8fdb7ca66fbff292f9b30a4e13bce38b1ce94bc78e9cb0bcf3999178d2e2,1737
    pantry-tree:
      size: 383
      sha256: 2229d669ca7b215e2a6bd08219a61d780d792e0c5f998eb59821331ab85c3b2f
  original:
    hackage: kansas-comet-0.4@sha256:31ef8fdb7ca66fbff292f9b30a4e13bce38b1ce94bc78e9cb0bcf3999178d2e2,1737
snapshots:
- completed:
    size: 523448
    url: https://raw.githubusercontent.com/commercialhaskell/stackage-snapshots/master/lts/14/1.yaml
    sha256: 0045b9bae36c3bb2dd374c29b586389845af1557eea0423958d152fc500d4fbf
  original: lts-14.1
